
Microsoft Visual Studio Solution File, Format Version 12.00
# Visual Studio Version 16
VisualStudioVersion = 16.0.29215.179
MinimumVisualStudioVersion = 10.0.40219.1
Project("{FAE04EC0-301F-11D3-BF4B-00C04F79EFBC}") = "WebEvaluation", "WebEvaluation.csproj", "{765DA929-4650-4843-93EB-201AA8645581}"
EndProject
Global
	GlobalSection(SolutionConfigurationPlatforms) = preSolution
		Debug|Any CPU = Debug|Any CPU
		Release|Any CPU = Release|Any CPU
	EndGlobalSection
	GlobalSection(ProjectConfigurationPlatforms) = postSolution
		{765DA929-4650-4843-93EB-201AA8645581}.Debug|Any CPU.ActiveCfg = Debug|Any CPU
		{765DA929-4650-4843-93EB-201AA8645581}.Debug|Any CPU.Build.0 = Debug|Any CPU
		{765DA929-4650-4843-93EB-201AA8645581}.Release|Any CPU.ActiveCfg = Release|Any CPU
		{765DA929-4650-4843-93EB-201AA8645581}.Release|Any CPU.Build.0 = Release|Any CPU
	EndGlobalSection
	GlobalSection(SolutionProperties) = preSolution
		HideSolutionNode = FALSE
	EndGlobalSection
	GlobalSection(ExtensibilityGlobals) = postSolution
		SolutionGuid = {2EC2B5E7-585A-4F57-B086-DF9E3CF3C1DB}
	EndGlobalSection
EndGlobal
